PODS:
  - CocoaLumberjack (2.2.0):
    - CocoaLumberjack/Default (= 2.2.0)
    - CocoaLumberjack/Extensions (= 2.2.0)
  - CocoaLumberjack/Core (2.2.0)
  - CocoaLumberjack/Default (2.2.0):
    - CocoaLumberjack/Core
  - CocoaLumberjack/Extensions (2.2.0):
    - CocoaLumberjack/Default
  - NSObject-SafeExpectations (0.0.2)
  - UIAlertView+Blocks (0.8.1)
  - WordPress-iOS-Editor-HBT (1.0.0):
    - CocoaLumberjack (~> 2.2.0)
    - NSObject-SafeExpectations (~> 0.0.2)
    - UIAlertView+Blocks (~> 0.8.1)
    - WordPress-iOS-Shared (~> 0.5.5)
    - WordPressCom-Analytics-iOS (~> 0.0.40)
  - WordPress-iOS-Shared (0.5.5):
    - CocoaLumberjack (~> 2.2.0)
  - WordPressCom-Analytics-iOS (0.0.41)

DEPENDENCIES:
  - CocoaLumberjack (~> 2.2.0)
  - UIAlertView+Blocks (~> 0.8.1)
  - WordPress-iOS-Editor-HBT (from `../`)
  - WordPress-iOS-Shared (~> 0.5.5)
  - WordPressCom-Analytics-iOS (~> 0.0.4)

EXTERNAL SOURCES:
  WordPress-iOS-Editor-HBT:
    :path: ../

SPEC CHECKSUMS:
  CocoaLumberjack: 17fe8581f84914d5d7e6360f7c70022b173c3ae0
  NSObject-SafeExpectations: 7d7f48df90df4e11da7cfe86b64f45eff7a7f521
  UIAlertView+Blocks: 45c3d3b7194906702d3e9a14c7ece5581505646d
  WordPress-iOS-Editor-HBT: 80c539446b3386e3b5660cb08e9f479d520e1077
  WordPress-iOS-Shared: 3805d8df12ebfd5748ad99d7ade0fee170b14504
  WordPressCom-Analytics-iOS: 73de8c9a0f1a43bac03fd2fcd881389be73ee820

COCOAPODS: 0.39.0
